
Microsoft Visual Studio Solution File, Format Version 12.00
# Visual Studio Version 16
VisualStudioVersion = 16.0.31112.23
MinimumVisualStudioVersion = 10.0.40219.1
Project("{9A19103F-16F7-4668-BE54-9A1E7A4F7556}") = "StudyUpdateEventProcessor", "StudyUpdateEventProcessor\StudyUpdateEventProcessor.csproj", "{E880B2A2-97BA-4A1D-A436-3C5EB9F66AB2}"
EndProject
Global
	GlobalSection(SolutionConfigurationPlatforms) = preSolution
		Debug|Any CPU = Debug|Any CPU
		Release|Any CPU = Release|Any CPU
	EndGlobalSection
	GlobalSection(ProjectConfigurationPlatforms) = postSolution
		{E880B2A2-97BA-4A1D-A436-3C5EB9F66AB2}.Debug|Any CPU.ActiveCfg = Debug|Any CPU
		{E880B2A2-97BA-4A1D-A436-3C5EB9F66AB2}.Debug|Any CPU.Build.0 = Debug|Any CPU
		{E880B2A2-97BA-4A1D-A436-3C5EB9F66AB2}.Release|Any CPU.ActiveCfg = Release|Any CPU
		{E880B2A2-97BA-4A1D-A436-3C5EB9F66AB2}.Release|Any CPU.Build.0 = Release|Any CPU
	EndGlobalSection
	GlobalSection(SolutionProperties) = preSolution
		HideSolutionNode = FALSE
	EndGlobalSection
	GlobalSection(ExtensibilityGlobals) = postSolution
		SolutionGuid = {C454DC02-1058-47C6-B6B4-2E54515346A5}
	EndGlobalSection
EndGlobal
